
Microsoft Visual Studio Solution File, Format Version 12.00
# Visual Studio Version 17
VisualStudioVersion = 17.0.32112.339
MinimumVisualStudioVersion = 10.0.40219.1
Project("{FAE04EC0-301F-11D3-BF4B-00C04F79EFBC}") = "WebDT", "WebDT\WebDT.csproj", "{DCFD1EB1-CC93-416E-96F5-477B8B439DD4}"
EndProject
Global
	GlobalSection(SolutionConfigurationPlatforms) = preSolution
		Debug|Any CPU = Debug|Any CPU
		Release|Any CPU = Release|Any CPU
	EndGlobalSection
	GlobalSection(ProjectConfigurationPlatforms) = postSolution
		{DCFD1EB1-CC93-416E-96F5-477B8B439DD4}.Debug|Any CPU.ActiveCfg = Debug|Any CPU
		{DCFD1EB1-CC93-416E-96F5-477B8B439DD4}.Debug|Any CPU.Build.0 = Debug|Any CPU
		{DCFD1EB1-CC93-416E-96F5-477B8B439DD4}.Release|Any CPU.ActiveCfg = Release|Any CPU
		{DCFD1EB1-CC93-416E-96F5-477B8B439DD4}.Release|Any CPU.Build.0 = Release|Any CPU
	EndGlobalSection
	GlobalSection(SolutionProperties) = preSolution
		HideSolutionNode = FALSE
	EndGlobalSection
	GlobalSection(ExtensibilityGlobals) = postSolution
		SolutionGuid = {DD4F2DFF-CAC7-44A2-B2C6-D91393DEF8EB}
	EndGlobalSection
EndGlobal
